
Microsoft Visual Studio Solution File, Format Version 12.00
# Visual Studio 15
VisualStudioVersion = 15.0.28010.2036
MinimumVisualStudioVersion = 10.0.40219.1
Project("{8BC9CEB8-8B4A-11D0-8D11-00A0C91BC942}") = "HashTable", "HashTable.vcxproj", "{C8457E08-FD98-46FC-B699-8CFF58B6DF54}"
EndProject
Global
	GlobalSection(SolutionConfigurationPlatforms) = preSolution
		Debug|x64 = Debug|x64
		Debug|x86 = Debug|x86
		Release|x64 = Release|x64
		Release|x86 = Release|x86
	EndGlobalSection
	GlobalSection(ProjectConfigurationPlatforms) = postSolution
		{C8457E08-FD98-46FC-B699-8CFF58B6DF54}.Debug|x64.ActiveCfg = Debug|x64
		{C8457E08-FD98-46FC-B699-8CFF58B6DF54}.Debug|x64.Build.0 = Debug|x64
		{C8457E08-FD98-46FC-B699-8CFF58B6DF54}.Debug|x86.ActiveCfg = Debug|Win32
		{C8457E08-FD98-46FC-B699-8CFF58B6DF54}.Debug|x86.Build.0 = Debug|Win32
		{C8457E08-FD98-46FC-B699-8CFF58B6DF54}.Release|x64.ActiveCfg = Release|x64
		{C8457E08-FD98-46FC-B699-8CFF58B6DF54}.Release|x64.Build.0 = Release|x64
		{C8457E08-FD98-46FC-B699-8CFF58B6DF54}.Release|x86.ActiveCfg = Release|Win32
		{C8457E08-FD98-46FC-B699-8CFF58B6DF54}.Release|x86.Build.0 = Release|Win32
	EndGlobalSection
	GlobalSection(SolutionProperties) = preSolution
		HideSolutionNode = FALSE
	EndGlobalSection
	GlobalSection(ExtensibilityGlobals) = postSolution
		SolutionGuid = {64889A18-9243-4821-8E60-50637E5C1B37}
	EndGlobalSection
EndGlobal
