
Microsoft Visual Studio Solution File, Format Version 12.00
# Visual Studio 15
VisualStudioVersion = 15.0.28010.2036
MinimumVisualStudioVersion = 10.0.40219.1
Project("{8BC9CEB8-8B4A-11D0-8D11-00A0C91BC942}") = "Proyecto1_AndresGalvez_1024718_Sec06", "Proyecto1_AndresGalvez_1024718_Sec06.vcxproj", "{7B36B23E-F8D6-4302-A93A-47B8379CB617}"
EndProject
Global
	GlobalSection(SolutionConfigurationPlatforms) = preSolution
		Debug|x64 = Debug|x64
		Debug|x86 = Debug|x86
		Release|x64 = Release|x64
		Release|x86 = Release|x86
	EndGlobalSection
	GlobalSection(ProjectConfigurationPlatforms) = postSolution
		{7B36B23E-F8D6-4302-A93A-47B8379CB617}.Debug|x64.ActiveCfg = Debug|x64
		{7B36B23E-F8D6-4302-A93A-47B8379CB617}.Debug|x64.Build.0 = Debug|x64
		{7B36B23E-F8D6-4302-A93A-47B8379CB617}.Debug|x86.ActiveCfg = Debug|Win32
		{7B36B23E-F8D6-4302-A93A-47B8379CB617}.Debug|x86.Build.0 = Debug|Win32
		{7B36B23E-F8D6-4302-A93A-47B8379CB617}.Release|x64.ActiveCfg = Release|x64
		{7B36B23E-F8D6-4302-A93A-47B8379CB617}.Release|x64.Build.0 = Release|x64
		{7B36B23E-F8D6-4302-A93A-47B8379CB617}.Release|x86.ActiveCfg = Release|Win32
		{7B36B23E-F8D6-4302-A93A-47B8379CB617}.Release|x86.Build.0 = Release|Win32
	EndGlobalSection
	GlobalSection(SolutionProperties) = preSolution
		HideSolutionNode = FALSE
	EndGlobalSection
	GlobalSection(ExtensibilityGlobals) = postSolution
		SolutionGuid = {3232E5F8-933F-48EE-A0B3-9A0A1DFC7AE7}
	EndGlobalSection
EndGlobal
